
Microsoft Visual Studio Solution File, Format Version 12.00
# Visual Studio Version 17
VisualStudioVersion = 17.8.34330.188
MinimumVisualStudioVersion = 10.0.40219.1
Project("{9A19103F-16F7-4668-BE54-9A1E7A4F7556}") = "EF_ServiceManagment.WEBAPI", "EF_ServiceManagment\EF_ServiceManagment.WEBAPI.csproj", "{C52BA58F-18F9-474B-96BA-AC849FB0B547}"
EndProject
Project("{9A19103F-16F7-4668-BE54-9A1E7A4F7556}") = "EF_ServiceManagement.DAL", "EF_ServcieManagement.DAL\EF_ServiceManagement.DAL.csproj", "{1620453B-3E49-4867-BC93-2C8471F646E5}"
EndProject
Project("{9A19103F-16F7-4668-BE54-9A1E7A4F7556}") = "EF_ServiceManagement.BLL", "EF_ServiceManagement.BLL\EF_ServiceManagement.BLL.csproj", "{C979A7A5-CF5A-428D-ADA6-1AB27DDBDA10}"
EndProject
Global
	GlobalSection(SolutionConfigurationPlatforms) = preSolution
		Debug|Any CPU = Debug|Any CPU
		Release|Any CPU = Release|Any CPU
	EndGlobalSection
	GlobalSection(ProjectConfigurationPlatforms) = postSolution
		{C52BA58F-18F9-474B-96BA-AC849FB0B547}.Debug|Any CPU.ActiveCfg = Debug|Any CPU
		{C52BA58F-18F9-474B-96BA-AC849FB0B547}.Debug|Any CPU.Build.0 = Debug|Any CPU
		{C52BA58F-18F9-474B-96BA-AC849FB0B547}.Release|Any CPU.ActiveCfg = Release|Any CPU
		{C52BA58F-18F9-474B-96BA-AC849FB0B547}.Release|Any CPU.Build.0 = Release|Any CPU
		{1620453B-3E49-4867-BC93-2C8471F646E5}.Debug|Any CPU.ActiveCfg = Debug|Any CPU
		{1620453B-3E49-4867-BC93-2C8471F646E5}.Debug|Any CPU.Build.0 = Debug|Any CPU
		{1620453B-3E49-4867-BC93-2C8471F646E5}.Release|Any CPU.ActiveCfg = Release|Any CPU
		{1620453B-3E49-4867-BC93-2C8471F646E5}.Release|Any CPU.Build.0 = Release|Any CPU
		{C979A7A5-CF5A-428D-ADA6-1AB27DDBDA10}.Debug|Any CPU.ActiveCfg = Debug|Any CPU
		{C979A7A5-CF5A-428D-ADA6-1AB27DDBDA10}.Debug|Any CPU.Build.0 = Debug|Any CPU
		{C979A7A5-CF5A-428D-ADA6-1AB27DDBDA10}.Release|Any CPU.ActiveCfg = Release|Any CPU
		{C979A7A5-CF5A-428D-ADA6-1AB27DDBDA10}.Release|Any CPU.Build.0 = Release|Any CPU
	EndGlobalSection
	GlobalSection(SolutionProperties) = preSolution
		HideSolutionNode = FALSE
	EndGlobalSection
	GlobalSection(ExtensibilityGlobals) = postSolution
		SolutionGuid = {824E56A7-9630-4CC9-828E-F5FDE9AC5CAC}
	EndGlobalSection
EndGlobal
