
Microsoft Visual Studio Solution File, Format Version 12.00
# Visual Studio Version 17
VisualStudioVersion = 17.8.34330.188
MinimumVisualStudioVersion = 10.0.40219.1
Project("{9A19103F-16F7-4668-BE54-9A1E7A4F7556}") = "ADO&Dapper_ServiceManagment.WEBAPI", "ADO&Dapper_ServiceManagment\ADO&Dapper_ServiceManagment.WEBAPI.csproj", "{BCE2D09F-DC0C-48C7-8EC5-6057E76A61D3}"
EndProject
Project("{9A19103F-16F7-4668-BE54-9A1E7A4F7556}") = "ADO&Dapper_ServiceManagment.DAL", "ADO&Dapper_ServiceManagment.DAL\ADO&Dapper_ServiceManagment.DAL.csproj", "{ED6DFD99-48E4-4E61-9E69-F2799658EA23}"
EndProject
Project("{00D1A9C2-B5F0-4AF3-8072-F6C62B433612}") = "ADO&Dapper_ServiceManagment.SqlDatabase", "ADO&Dapper_ServiceManagment.SqlDatabase\ADO&Dapper_ServiceManagment.SqlDatabase.sqlproj", "{0A78CB3C-C6D3-4716-A2F8-5A6EB8376243}"
EndProject
Global
	GlobalSection(SolutionConfigurationPlatforms) = preSolution
		Debug|Any CPU = Debug|Any CPU
		Release|Any CPU = Release|Any CPU
	EndGlobalSection
	GlobalSection(ProjectConfigurationPlatforms) = postSolution
		{BCE2D09F-DC0C-48C7-8EC5-6057E76A61D3}.Debug|Any CPU.ActiveCfg = Debug|Any CPU
		{BCE2D09F-DC0C-48C7-8EC5-6057E76A61D3}.Debug|Any CPU.Build.0 = Debug|Any CPU
		{BCE2D09F-DC0C-48C7-8EC5-6057E76A61D3}.Release|Any CPU.ActiveCfg = Release|Any CPU
		{BCE2D09F-DC0C-48C7-8EC5-6057E76A61D3}.Release|Any CPU.Build.0 = Release|Any CPU
		{ED6DFD99-48E4-4E61-9E69-F2799658EA23}.Debug|Any CPU.ActiveCfg = Debug|Any CPU
		{ED6DFD99-48E4-4E61-9E69-F2799658EA23}.Debug|Any CPU.Build.0 = Debug|Any CPU
		{ED6DFD99-48E4-4E61-9E69-F2799658EA23}.Release|Any CPU.ActiveCfg = Release|Any CPU
		{ED6DFD99-48E4-4E61-9E69-F2799658EA23}.Release|Any CPU.Build.0 = Release|Any CPU
		{0A78CB3C-C6D3-4716-A2F8-5A6EB8376243}.Debug|Any CPU.ActiveCfg = Debug|Any CPU
		{0A78CB3C-C6D3-4716-A2F8-5A6EB8376243}.Debug|Any CPU.Build.0 = Debug|Any CPU
		{0A78CB3C-C6D3-4716-A2F8-5A6EB8376243}.Debug|Any CPU.Deploy.0 = Debug|Any CPU
		{0A78CB3C-C6D3-4716-A2F8-5A6EB8376243}.Release|Any CPU.ActiveCfg = Release|Any CPU
		{0A78CB3C-C6D3-4716-A2F8-5A6EB8376243}.Release|Any CPU.Build.0 = Release|Any CPU
		{0A78CB3C-C6D3-4716-A2F8-5A6EB8376243}.Release|Any CPU.Deploy.0 = Release|Any CPU
	EndGlobalSection
	GlobalSection(SolutionProperties) = preSolution
		HideSolutionNode = FALSE
	EndGlobalSection
	GlobalSection(ExtensibilityGlobals) = postSolution
		SolutionGuid = {8F2554B5-D035-48AF-8D58-F260807956C5}
	EndGlobalSection
EndGlobal
